
Microsoft Visual Studio Solution File, Format Version 12.00
# Visual Studio Version 17
VisualStudioVersion = 17.0.31903.59
MinimumVisualStudioVersion = 10.0.40219.1
Project("{2150E333-8FDC-42A3-9474-1A3956D46DE8}") = "BuildingBlocks", "BuildingBlocks", "{570C9342-2CAC-4AD6-8C9E-8C403EB297DB}"
EndProject
Project("{9A19103F-16F7-4668-BE54-9A1E7A4F7556}") = "BuildingBlocks", "BuildingBlocks\BuildingBlocks\BuildingBlocks.csproj", "{CEAB6379-D6D3-40FE-B19B-C631BD6A0D95}"
EndProject
Project("{2150E333-8FDC-42A3-9474-1A3956D46DE8}") = "Services", "Services", "{2156DB6C-7889-4604-9A0C-19D50332596A}"
	ProjectSection(SolutionItems) = preProject
		Services\Catalog\Catalog.API\.dockerignore = Services\Catalog\Catalog.API\.dockerignore
		Services\Catalog\Catalog.API\Dockerfile = Services\Catalog\Catalog.API\Dockerfile
	EndProjectSection
EndProject
Project("{2150E333-8FDC-42A3-9474-1A3956D46DE8}") = "Catalog", "Catalog", "{4B37BA22-0F85-4F85-B692-9275B0E83000}"
EndProject
Project("{9A19103F-16F7-4668-BE54-9A1E7A4F7556}") = "Catalog.API", "Services\Catalog\Catalog.API\Catalog.API.csproj", "{AFA05BDD-CF7B-4EEC-8809-8D58FCB814BA}"
EndProject
Project("{E53339B2-1760-4266-BCC7-CA923CBCF16C}") = "docker-compose", "docker-compose.dcproj", "{FB06EB47-0C57-44CB-B20F-A8DAE072C93A}"
EndProject
Global
	GlobalSection(SolutionConfigurationPlatforms) = preSolution
		Debug|Any CPU = Debug|Any CPU
		Release|Any CPU = Release|Any CPU
	EndGlobalSection
	GlobalSection(ProjectConfigurationPlatforms) = postSolution
		{CEAB6379-D6D3-40FE-B19B-C631BD6A0D95}.Debug|Any CPU.ActiveCfg = Debug|Any CPU
		{CEAB6379-D6D3-40FE-B19B-C631BD6A0D95}.Debug|Any CPU.Build.0 = Debug|Any CPU
		{CEAB6379-D6D3-40FE-B19B-C631BD6A0D95}.Release|Any CPU.ActiveCfg = Release|Any CPU
		{CEAB6379-D6D3-40FE-B19B-C631BD6A0D95}.Release|Any CPU.Build.0 = Release|Any CPU
		{AFA05BDD-CF7B-4EEC-8809-8D58FCB814BA}.Debug|Any CPU.ActiveCfg = Debug|Any CPU
		{AFA05BDD-CF7B-4EEC-8809-8D58FCB814BA}.Debug|Any CPU.Build.0 = Debug|Any CPU
		{AFA05BDD-CF7B-4EEC-8809-8D58FCB814BA}.Release|Any CPU.ActiveCfg = Release|Any CPU
		{AFA05BDD-CF7B-4EEC-8809-8D58FCB814BA}.Release|Any CPU.Build.0 = Release|Any CPU
		{FB06EB47-0C57-44CB-B20F-A8DAE072C93A}.Debug|Any CPU.ActiveCfg = Debug|Any CPU
		{FB06EB47-0C57-44CB-B20F-A8DAE072C93A}.Debug|Any CPU.Build.0 = Debug|Any CPU
		{FB06EB47-0C57-44CB-B20F-A8DAE072C93A}.Release|Any CPU.ActiveCfg = Release|Any CPU
		{FB06EB47-0C57-44CB-B20F-A8DAE072C93A}.Release|Any CPU.Build.0 = Release|Any CPU
	EndGlobalSection
	GlobalSection(SolutionProperties) = preSolution
		HideSolutionNode = FALSE
	EndGlobalSection
	GlobalSection(NestedProjects) = preSolution
		{CEAB6379-D6D3-40FE-B19B-C631BD6A0D95} = {570C9342-2CAC-4AD6-8C9E-8C403EB297DB}
		{4B37BA22-0F85-4F85-B692-9275B0E83000} = {2156DB6C-7889-4604-9A0C-19D50332596A}
		{AFA05BDD-CF7B-4EEC-8809-8D58FCB814BA} = {4B37BA22-0F85-4F85-B692-9275B0E83000}
	EndGlobalSection
	GlobalSection(ExtensibilityGlobals) = postSolution
		SolutionGuid = {2B1E8894-BA99-480E-9F48-5A04F02CBFC6}
	EndGlobalSection
EndGlobal
